// !$*UTF8*$!
{
	archiveVersion = 1;
	classes = {
	};
	objectVersion = 77;
	objects = {

/* Begin PBXContainerItemProxy section */
		DB8C2E7E2E0092CF0076A640 /* PBXContainerItemProxy */ = {
			isa = PBXContainerItemProxy;
			containerPortal = DB8C2E682E0092CE0076A640 /* Project object */;
			proxyType = 1;
			remoteGlobalIDString = DB8C2E6F2E0092CE0076A640;
			remoteInfo = AbletonPush;
		};
		DB8C2E882E0092CF0076A640 /* PBXContainerItemProxy */ = {
			isa = PBXContainerItemProxy;
			containerPortal = DB8C2E682E0092CE0076A640 /* Project object */;
			proxyType = 1;
			remoteGlobalIDString = DB8C2E6F2E0092CE0076A640;
			remoteInfo = AbletonPush;
		};
/* End PBXContainerItemProxy section */

/* Begin PBXFileReference section */
		DB8C2E702E0092CE0076A640 /* AbletonPush.app */ = {isa = PBXFileReference; explicitFileType = wrapper.application; includeInIndex = 0; path = AbletonPush.app; sourceTree = BUILT_PRODUCTS_DIR; };
		DB8C2E7D2E0092CF0076A640 /* AbletonPushTests.xctest */ = {isa = PBXFileReference; explicitFileType = wrapper.cfbundle; includeInIndex = 0; path = AbletonPushTests.xctest; sourceTree = BUILT_PRODUCTS_DIR; };
		DB8C2E872E0092CF0076A640 /* AbletonPushUITests.xctest */ = {isa = PBXFileReference; explicitFileType = wrapper.cfbundle; includeInIndex = 0; path = AbletonPushUITests.xctest; sourceTree = BUILT_PRODUCTS_DIR; };
/* End PBXFileReference section */

/* Begin PBXFileSystemSynchronizedRootGroup section */
		DB8C2E722E0092CE0076A640 /* AbletonPush */ = {
			isa = PBXFileSystemSynchronizedRootGroup;
			path = AbletonPush;
			sourceTree = "<group>";
		};
		DB8C2E802E0092CF0076A640 /* AbletonPushTests */ = {
			isa = PBXFileSystemSynchronizedRootGroup;
			path = AbletonPushTests;
			sourceTree = "<group>";
		};
		DB8C2E8A2E0092CF0076A640 /* AbletonPushUITests */ = {
			isa = PBXFileSystemSynchronizedRootGroup;
			path = AbletonPushUITests;
			sourceTree = "<group>";
		};
/* End PBXFileSystemSynchronizedRootGroup section */

/* Begin PBXFrameworksBuildPhase section */
		DB8C2E6D2E0092CE0076A640 /* Frameworks */ = {
			isa = PBXFrameworksBuildPhase;
			buildActionMask = 2147483647;
			files = (
			);
			runOnlyForDeploymentPostprocessing = 0;
		};
		DB8C2E7A2E0092CF0076A640 /* Frameworks */ = {
			isa = PBXFrameworksBuildPhase;
			buildActionMask = 2147483647;
			files = (
			);
			runOnlyForDeploymentPostprocessing = 0;
		};
		DB8C2E842E0092CF0076A640 /* Frameworks */ = {
			isa = PBXFrameworksBuildPhase;
			buildActionMask = 2147483647;
			files = (
			);
			runOnlyForDeploymentPostprocessing = 0;
		};
/* End PBXFrameworksBuildPhase section */

/* Begin PBXGroup section */
		DB8C2E672E0092CE0076A640 = {
			isa = PBXGroup;
			children = (
				DB8C2E722E0092CE0076A640 /* AbletonPush */,
				DB8C2E802E0092CF0076A640 /* AbletonPushTests */,
				DB8C2E8A2E0092CF0076A640 /* AbletonPushUITests */,
				DB8C2E712E0092CE0076A640 /* Products */,
			);
			sourceTree = "<group>";
		};
		DB8C2E712E0092CE0076A640 /* Products */ = {
			isa = PBXGroup;
			children = (
				DB8C2E702E0092CE0076A640 /* AbletonPush.app */,
				DB8C2E7D2E0092CF0076A640 /* AbletonPushTests.xctest */,
				DB8C2E872E0092CF0076A640 /* AbletonPushUITests.xctest */,
			);
			name = Products;
			sourceTree = "<group>";
		};
/* End PBXGroup section */

/* Begin PBXNativeTarget section */
		DB8C2E6F2E0092CE0076A640 /* AbletonPush */ = {
			isa = PBXNativeTarget;
			buildConfigurationList = DB8C2E912E0092CF0076A640 /* Build configuration list for PBXNativeTarget "AbletonPush" */;
			buildPhases = (
				DB8C2E6C2E0092CE0076A640 /* Sources */,
				DB8C2E6D2E0092CE0076A640 /* Frameworks */,
				DB8C2E6E2E0092CE0076A640 /* Resources */,
			);
			buildRules = (
			);
			dependencies = (
			);
			fileSystemSynchronizedGroups = (
				DB8C2E722E0092CE0076A640 /* AbletonPush */,
			);
			name = AbletonPush;
			packageProductDependencies = (
			);
			productName = AbletonPush;
			productReference = DB8C2E702E0092CE0076A640 /* AbletonPush.app */;
			productType = "com.apple.product-type.application";
		};
		DB8C2E7C2E0092CF0076A640 /* AbletonPushTests */ = {
			isa = PBXNativeTarget;
			buildConfigurationList = DB8C2E942E0092CF0076A640 /* Build configuration list for PBXNativeTarget "AbletonPushTests" */;
			buildPhases = (
				DB8C2E792E0092CF0076A640 /* Sources */,
				DB8C2E7A2E0092CF0076A640 /* Frameworks */,
				DB8C2E7B2E0092CF0076A640 /* Resources */,
			);
			buildRules = (
			);
			dependencies = (
				DB8C2E7F2E0092CF0076A640 /* PBXTargetDependency */,
			);
			fileSystemSynchronizedGroups = (
				DB8C2E802E0092CF0076A640 /* AbletonPushTests */,
			);
			name = AbletonPushTests;
			packageProductDependencies = (
			);
			productName = AbletonPushTests;
			productReference = DB8C2E7D2E0092CF0076A640 /* AbletonPushTests.xctest */;
			productType = "com.apple.product-type.bundle.unit-test";
		};
		DB8C2E862E0092CF0076A640 /* AbletonPushUITests */ = {
			isa = PBXNativeTarget;
			buildConfigurationList = DB8C2E972E0092CF0076A640 /* Build configuration list for PBXNativeTarget "AbletonPushUITests" */;
			buildPhases = (
				DB8C2E832E0092CF0076A640 /* Sources */,
				DB8C2E842E0092CF0076A640 /* Frameworks */,
				DB8C2E852E0092CF0076A640 /* Resources */,
			);
			buildRules = (
			);
			dependencies = (
				DB8C2E892E0092CF0076A640 /* PBXTargetDependency */,
			);
			fileSystemSynchronizedGroups = (
				DB8C2E8A2E0092CF0076A640 /* AbletonPushUITests */,
			);
			name = AbletonPushUITests;
			packageProductDependencies = (
			);
			productName = AbletonPushUITests;
			productReference = DB8C2E872E0092CF0076A640 /* AbletonPushUITests.xctest */;
			productType = "com.apple.product-type.bundle.ui-testing";
		};
/* End PBXNativeTarget section */

/* Begin PBXProject section */
		DB8C2E682E0092CE0076A640 /* Project object */ = {
			isa = PBXProject;
			attributes = {
				BuildIndependentTargetsInParallel = 1;
				LastSwiftUpdateCheck = 1640;
				LastUpgradeCheck = 1640;
				TargetAttributes = {
					DB8C2E6F2E0092CE0076A640 = {
						CreatedOnToolsVersion = 16.4;
					};
					DB8C2E7C2E0092CF0076A640 = {
						CreatedOnToolsVersion = 16.4;
						TestTargetID = DB8C2E6F2E0092CE0076A640;
					};
					DB8C2E862E0092CF0076A640 = {
						CreatedOnToolsVersion = 16.4;
						TestTargetID = DB8C2E6F2E0092CE0076A640;
					};
				};
			};
			buildConfigurationList = DB8C2E6B2E0092CE0076A640 /* Build configuration list for PBXProject "AbletonPush" */;
			developmentRegion = en;
			hasScannedForEncodings = 0;
			knownRegions = (
				en,
				Base,
			);
			mainGroup = DB8C2E672E0092CE0076A640;
			minimizedProjectReferenceProxies = 1;
			preferredProjectObjectVersion = 77;
			productRefGroup = DB8C2E712E0092CE0076A640 /* Products */;
			projectDirPath = "";
			projectRoot = "";
			targets = (
				DB8C2E6F2E0092CE0076A640 /* AbletonPush */,
				DB8C2E7C2E0092CF0076A640 /* AbletonPushTests */,
				DB8C2E862E0092CF0076A640 /* AbletonPushUITests */,
			);
		};
/* End PBXProject section */

/* Begin PBXResourcesBuildPhase section */
		DB8C2E6E2E0092CE0076A640 /* Resources */ = {
			isa = PBXResourcesBuildPhase;
			buildActionMask = 2147483647;
			files = (
			);
			runOnlyForDeploymentPostprocessing = 0;
		};
		DB8C2E7B2E0092CF0076A640 /* Resources */ = {
			isa = PBXResourcesBuildPhase;
			buildActionMask = 2147483647;
			files = (
			);
			runOnlyForDeploymentPostprocessing = 0;
		};
		DB8C2E852E0092CF0076A640 /* Resources */ = {
			isa = PBXResourcesBuildPhase;
			buildActionMask = 2147483647;
			files = (
			);
			runOnlyForDeploymentPostprocessing = 0;
		};
/* End PBXResourcesBuildPhase section */

/* Begin PBXSourcesBuildPhase section */
		DB8C2E6C2E0092CE0076A640 /* Sources */ = {
			isa = PBXSourcesBuildPhase;
			buildActionMask = 2147483647;
			files = (
			);
			runOnlyForDeploymentPostprocessing = 0;
		};
		DB8C2E792E0092CF0076A640 /* Sources */ = {
			isa = PBXSourcesBuildPhase;
			buildActionMask = 2147483647;
			files = (
			);
			runOnlyForDeploymentPostprocessing = 0;
		};
		DB8C2E832E0092CF0076A640 /* Sources */ = {
			isa = PBXSourcesBuildPhase;
			buildActionMask = 2147483647;
			files = (
			);
			runOnlyForDeploymentPostprocessing = 0;
		};
/* End PBXSourcesBuildPhase section */

/* Begin PBXTargetDependency section */
		DB8C2E7F2E0092CF0076A640 /* PBXTargetDependency */ = {
			isa = PBXTargetDependency;
			target = DB8C2E6F2E0092CE0076A640 /* AbletonPush */;
			targetProxy = DB8C2E7E2E0092CF0076A640 /* PBXContainerItemProxy */;
		};
		DB8C2E892E0092CF0076A640 /* PBXTargetDependency */ = {
			isa = PBXTargetDependency;
			target = DB8C2E6F2E0092CE0076A640 /* AbletonPush */;
			targetProxy = DB8C2E882E0092CF0076A640 /* PBXContainerItemProxy */;
		};
/* End PBXTargetDependency section */

/* Begin XCBuildConfiguration section */
		DB8C2E8F2E0092CF0076A640 /* Debug */ = {
			isa = XCBuildConfiguration;
			buildSettings = {
				ALWAYS_SEARCH_USER_PATHS = NO;
				ASSETCATALOG_COMPILER_GENERATE_SWIFT_ASSET_SYMBOL_EXTENSIONS = YES;
				CLANG_ANALYZER_NONNULL = YES;
				CLANG_ANALYZER_NUMBER_OBJECT_CONVERSION = YES_AGGRESSIVE;
				CLANG_CXX_LANGUAGE_STANDARD = "gnu++20";
				CLANG_ENABLE_MODULES = YES;
				CLANG_ENABLE_OBJC_ARC = YES;
				CLANG_ENABLE_OBJC_WEAK = YES;
				CLANG_WARN_BLOCK_CAPTURE_AUTORELEASING = YES;
				CLANG_WARN_BOOL_CONVERSION = YES;
				CLANG_WARN_COMMA = YES;
				CLANG_WARN_CONSTANT_CONVERSION = YES;
				CLANG_WARN_DEPRECATED_OBJC_IMPLEMENTATIONS = YES;
				CLANG_WARN_DIRECT_OBJC_ISA_USAGE = YES_ERROR;
				CLANG_WARN_DOCUMENTATION_COMMENTS = YES;
				CLANG_WARN_EMPTY_BODY = YES;
				CLANG_WARN_ENUM_CONVERSION = YES;
				CLANG_WARN_INFINITE_RECURSION = YES;
				CLANG_WARN_INT_CONVERSION = YES;
				CLANG_WARN_NON_LITERAL_NULL_CONVERSION = YES;
				CLANG_WARN_OBJC_IMPLICIT_RETAIN_SELF = YES;
				CLANG_WARN_OBJC_LITERAL_CONVERSION = YES;
				CLANG_WARN_OBJC_ROOT_CLASS = YES_ERROR;
				CLANG_WARN_QUOTED_INCLUDE_IN_FRAMEWORK_HEADER = YES;
				CLANG_WARN_RANGE_LOOP_ANALYSIS = YES;
				CLANG_WARN_STRICT_PROTOTYPES = YES;
				CLANG_WARN_SUSPICIOUS_MOVE = YES;
				CLANG_WARN_UNGUARDED_AVAILABILITY = YES_AGGRESSIVE;
				CLANG_WARN_UNREACHABLE_CODE = YES;
				CLANG_WARN__DUPLICATE_METHOD_MATCH = YES;
				COPY_PHASE_STRIP = NO;
				DEBUG_INFORMATION_FORMAT = dwarf;
				DEVELOPMENT_TEAM = N8J2WM3HAX;
				ENABLE_STRICT_OBJC_MSGSEND = YES;
				ENABLE_TESTABILITY = YES;
				ENABLE_USER_SCRIPT_SANDBOXING = YES;
				GCC_C_LANGUAGE_STANDARD = gnu17;
				GCC_DYNAMIC_NO_PIC = NO;
				GCC_NO_COMMON_BLOCKS = YES;
				GCC_OPTIMIZATION_LEVEL = 0;
				GCC_PREPROCESSOR_DEFINITIONS = (
					"DEBUG=1",
					"$(inherited)",
				);
				GCC_WARN_64_TO_32_BIT_CONVERSION = YES;
				GCC_WARN_ABOUT_RETURN_TYPE = YES_ERROR;
				GCC_WARN_UNDECLARED_SELECTOR = YES;
				GCC_WARN_UNINITIALIZED_AUTOS = YES_AGGRESSIVE;
				GCC_WARN_UNUSED_FUNCTION = YES;
				GCC_WARN_UNUSED_VARIABLE = YES;
				IPHONEOS_DEPLOYMENT_TARGET = 18.5;
				LOCALIZATION_PREFERS_STRING_CATALOGS = YES;
				MTL_ENABLE_DEBUG_INFO = INCLUDE_SOURCE;
				MTL_FAST_MATH = YES;
				ONLY_ACTIVE_ARCH = YES;
				SDKROOT = iphoneos;
				SWIFT_ACTIVE_COMPILATION_CONDITIONS = "DEBUG $(inherited)";
				SWIFT_OPTIMIZATION_LEVEL = "-Onone";
			};
			name = Debug;
		};
		DB8C2E902E0092CF0076A640 /* Release */ = {
			isa = XCBuildConfiguration;
			buildSettings = {
				ALWAYS_SEARCH_USER_PATHS = NO;
				ASSETCATALOG_COMPILER_GENERATE_SWIFT_ASSET_SYMBOL_EXTENSIONS = YES;
				CLANG_ANALYZER_NONNULL = YES;
				CLANG_ANALYZER_NUMBER_OBJECT_CONVERSION = YES_AGGRESSIVE;
				CLANG_CXX_LANGUAGE_STANDARD = "gnu++20";
				CLANG_ENABLE_MODULES = YES;
				CLANG_ENABLE_OBJC_ARC = YES;
				CLANG_ENABLE_OBJC_WEAK = YES;
				CLANG_WARN_BLOCK_CAPTURE_AUTORELEASING = YES;
				CLANG_WARN_BOOL_CONVERSION = YES;
				CLANG_WARN_COMMA = YES;
				CLANG_WARN_CONSTANT_CONVERSION = YES;
				CLANG_WARN_DEPRECATED_OBJC_IMPLEMENTATIONS = YES;
				CLANG_WARN_DIRECT_OBJC_ISA_USAGE = YES_ERROR;
				CLANG_WARN_DOCUMENTATION_COMMENTS = YES;
				CLANG_WARN_EMPTY_BODY = YES;
				CLANG_WARN_ENUM_CONVERSION = YES;
				CLANG_WARN_INFINITE_RECURSION = YES;
				CLANG_WARN_INT_CONVERSION = YES;
				CLANG_WARN_NON_LITERAL_NULL_CONVERSION = YES;
				CLANG_WARN_OBJC_IMPLICIT_RETAIN_SELF = YES;
				CLANG_WARN_OBJC_LITERAL_CONVERSION = YES;
				CLANG_WARN_OBJC_ROOT_CLASS = YES_ERROR;
				CLANG_WARN_QUOTED_INCLUDE_IN_FRAMEWORK_HEADER = YES;
				CLANG_WARN_RANGE_LOOP_ANALYSIS = YES;
				CLANG_WARN_STRICT_PROTOTYPES = YES;
				CLANG_WARN_SUSPICIOUS_MOVE = YES;
				CLANG_WARN_UNGUARDED_AVAILABILITY = YES_AGGRESSIVE;
				CLANG_WARN_UNREACHABLE_CODE = YES;
				CLANG_WARN__DUPLICATE_METHOD_MATCH = YES;
				COPY_PHASE_STRIP = NO;
				DEBUG_INFORMATION_FORMAT = "dwarf-with-dsym";
				DEVELOPMENT_TEAM = N8J2WM3HAX;
				ENABLE_NS_ASSERTIONS = NO;
				ENABLE_STRICT_OBJC_MSGSEND = YES;
				ENABLE_USER_SCRIPT_SANDBOXING = YES;
				GCC_C_LANGUAGE_STANDARD = gnu17;
				GCC_NO_COMMON_BLOCKS = YES;
				GCC_WARN_64_TO_32_BIT_CONVERSION = YES;
				GCC_WARN_ABOUT_RETURN_TYPE = YES_ERROR;
				GCC_WARN_UNDECLARED_SELECTOR = YES;
				GCC_WARN_UNINITIALIZED_AUTOS = YES_AGGRESSIVE;
				GCC_WARN_UNUSED_FUNCTION = YES;
				GCC_WARN_UNUSED_VARIABLE = YES;
				IPHONEOS_DEPLOYMENT_TARGET = 18.5;
				LOCALIZATION_PREFERS_STRING_CATALOGS = YES;
				MTL_ENABLE_DEBUG_INFO = NO;
				MTL_FAST_MATH = YES;
				SDKROOT = iphoneos;
				SWIFT_COMPILATION_MODE = wholemodule;
				VALIDATE_PRODUCT = YES;
			};
			name = Release;
		};
		DB8C2E922E0092CF0076A640 /* Debug */ = {
			isa = XCBuildConfiguration;
			buildSettings = {
				ASSETCATALOG_COMPILER_APPICON_NAME = AppIcon;
				ASSETCATALOG_COMPILER_GLOBAL_ACCENT_COLOR_NAME = AccentColor;
				CODE_SIGN_STYLE = Automatic;
				CURRENT_PROJECT_VERSION = 1;
				DEVELOPMENT_TEAM = N8J2WM3HAX;
				ENABLE_PREVIEWS = YES;
				GENERATE_INFOPLIST_FILE = YES;
				INFOPLIST_KEY_NSMicrophoneUsageDescription = "This app needs access to the microphone to record custom sounds.";
				INFOPLIST_KEY_UIApplicationSceneManifest_Generation = YES;
				INFOPLIST_KEY_UIApplicationSupportsIndirectInputEvents = YES;
				INFOPLIST_KEY_UILaunchScreen_Generation = YES;
				INFOPLIST_KEY_UISupportedInterfaceOrientations_iPad = "UIInterfaceOrientationPortrait UIInterfaceOrientationPortraitUpsideDown UIInterfaceOrientationLandscapeLeft UIInterfaceOrientationLandscapeRight";
				INFOPLIST_KEY_UISupportedInterfaceOrientations_iPhone = "UIInterfaceOrientationPortrait UIInterfaceOrientationLandscapeLeft UIInterfaceOrientationLandscapeRight";
				LD_RUNPATH_SEARCH_PATHS = (
					"$(inherited)",
					"@executable_path/Frameworks",
				);
				MARKETING_VERSION = 1.0;
				PRODUCT_BUNDLE_IDENTIFIER = Apple.AbletonPush;
				PRODUCT_NAME = "$(TARGET_NAME)";
				SWIFT_EMIT_LOC_STRINGS = YES;
				SWIFT_VERSION = 5.0;
				TARGETED_DEVICE_FAMILY = "1,2";
			};
			name = Debug;
		};
		DB8C2E932E0092CF0076A640 /* Release */ = {
			isa = XCBuildConfiguration;
			buildSettings = {
				ASSETCATALOG_COMPILER_APPICON_NAME = AppIcon;
				ASSETCATALOG_COMPILER_GLOBAL_ACCENT_COLOR_NAME = AccentColor;
				CODE_SIGN_STYLE = Automatic;
				CURRENT_PROJECT_VERSION = 1;
				DEVELOPMENT_TEAM = N8J2WM3HAX;
				ENABLE_PREVIEWS = YES;
				GENERATE_INFOPLIST_FILE = YES;
				INFOPLIST_KEY_NSMicrophoneUsageDescription = "This app needs access to the microphone to record custom sounds.";
				INFOPLIST_KEY_UIApplicationSceneManifest_Generation = YES;
				INFOPLIST_KEY_UIApplicationSupportsIndirectInputEvents = YES;
				INFOPLIST_KEY_UILaunchScreen_Generation = YES;
				INFOPLIST_KEY_UISupportedInterfaceOrientations_iPad = "UIInterfaceOrientationPortrait UIInterfaceOrientationPortraitUpsideDown UIInterfaceOrientationLandscapeLeft UIInterfaceOrientationLandscapeRight";
				INFOPLIST_KEY_UISupportedInterfaceOrientations_iPhone = "UIInterfaceOrientationPortrait UIInterfaceOrientationLandscapeLeft UIInterfaceOrientationLandscapeRight";
				LD_RUNPATH_SEARCH_PATHS = (
					"$(inherited)",
					"@executable_path/Frameworks",
				);
				MARKETING_VERSION = 1.0;
				PRODUCT_BUNDLE_IDENTIFIER = Apple.AbletonPush;
				PRODUCT_NAME = "$(TARGET_NAME)";
				SWIFT_EMIT_LOC_STRINGS = YES;
				SWIFT_VERSION = 5.0;
				TARGETED_DEVICE_FAMILY = "1,2";
			};
			name = Release;
		};
		DB8C2E952E0092CF0076A640 /* Debug */ = {
			isa = XCBuildConfiguration;
			buildSettings = {
				BUNDLE_LOADER = "$(TEST_HOST)";
				CODE_SIGN_STYLE = Automatic;
				CURRENT_PROJECT_VERSION = 1;
				DEVELOPMENT_TEAM = N8J2WM3HAX;
				GENERATE_INFOPLIST_FILE = YES;
				IPHONEOS_DEPLOYMENT_TARGET = 18.5;
				MARKETING_VERSION = 1.0;
				PRODUCT_BUNDLE_IDENTIFIER = Apple.AbletonPushTests;
				PRODUCT_NAME = "$(TARGET_NAME)";
				SWIFT_EMIT_LOC_STRINGS = NO;
				SWIFT_VERSION = 5.0;
				TARGETED_DEVICE_FAMILY = "1,2";
				TEST_HOST = "$(BUILT_PRODUCTS_DIR)/AbletonPush.app/$(BUNDLE_EXECUTABLE_FOLDER_PATH)/AbletonPush";
			};
			name = Debug;
		};
		DB8C2E962E0092CF0076A640 /* Release */ = {
			isa = XCBuildConfiguration;
			buildSettings = {
				BUNDLE_LOADER = "$(TEST_HOST)";
				CODE_SIGN_STYLE = Automatic;
				CURRENT_PROJECT_VERSION = 1;
				DEVELOPMENT_TEAM = N8J2WM3HAX;
				GENERATE_INFOPLIST_FILE = YES;
				IPHONEOS_DEPLOYMENT_TARGET = 18.5;
				MARKETING_VERSION = 1.0;
				PRODUCT_BUNDLE_IDENTIFIER = Apple.AbletonPushTests;
				PRODUCT_NAME = "$(TARGET_NAME)";
				SWIFT_EMIT_LOC_STRINGS = NO;
				SWIFT_VERSION = 5.0;
				TARGETED_DEVICE_FAMILY = "1,2";
				TEST_HOST = "$(BUILT_PRODUCTS_DIR)/AbletonPush.app/$(BUNDLE_EXECUTABLE_FOLDER_PATH)/AbletonPush";
			};
			name = Release;
		};
		DB8C2E982E0092CF0076A640 /* Debug */ = {
			isa = XCBuildConfiguration;
			buildSettings = {
				CODE_SIGN_STYLE = Automatic;
				CURRENT_PROJECT_VERSION = 1;
				DEVELOPMENT_TEAM = N8J2WM3HAX;
				GENERATE_INFOPLIST_FILE = YES;
				MARKETING_VERSION = 1.0;
				PRODUCT_BUNDLE_IDENTIFIER = Apple.AbletonPushUITests;
				PRODUCT_NAME = "$(TARGET_NAME)";
				SWIFT_EMIT_LOC_STRINGS = NO;
				SWIFT_VERSION = 5.0;
				TARGETED_DEVICE_FAMILY = "1,2";
				TEST_TARGET_NAME = AbletonPush;
			};
			name = Debug;
		};
		DB8C2E992E0092CF0076A640 /* Release */ = {
			isa = XCBuildConfiguration;
			buildSettings = {
				CODE_SIGN_STYLE = Automatic;
				CURRENT_PROJECT_VERSION = 1;
				DEVELOPMENT_TEAM = N8J2WM3HAX;
				GENERATE_INFOPLIST_FILE = YES;
				MARKETING_VERSION = 1.0;
				PRODUCT_BUNDLE_IDENTIFIER = Apple.AbletonPushUITests;
				PRODUCT_NAME = "$(TARGET_NAME)";
				SWIFT_EMIT_LOC_STRINGS = NO;
				SWIFT_VERSION = 5.0;
				TARGETED_DEVICE_FAMILY = "1,2";
				TEST_TARGET_NAME = AbletonPush;
			};
			name = Release;
		};
/* End XCBuildConfiguration section */

/* Begin XCConfigurationList section */
		DB8C2E6B2E0092CE0076A640 /* Build configuration list for PBXProject "AbletonPush" */ = {
			isa = XCConfigurationList;
			buildConfigurations = (
				DB8C2E8F2E0092CF0076A640 /* Debug */,
				DB8C2E902E0092CF0076A640 /* Release */,
			);
			defaultConfigurationIsVisible = 0;
			defaultConfigurationName = Release;
		};
		DB8C2E912E0092CF0076A640 /* Build configuration list for PBXNativeTarget "AbletonPush" */ = {
			isa = XCConfigurationList;
			buildConfigurations = (
				DB8C2E922E0092CF0076A640 /* Debug */,
				DB8C2E932E0092CF0076A640 /* Release */,
			);
			defaultConfigurationIsVisible = 0;
			defaultConfigurationName = Release;
		};
		DB8C2E942E0092CF0076A640 /* Build configuration list for PBXNativeTarget "AbletonPushTests" */ = {
			isa = XCConfigurationList;
			buildConfigurations = (
				DB8C2E952E0092CF0076A640 /* Debug */,
				DB8C2E962E0092CF0076A640 /* Release */,
			);
			defaultConfigurationIsVisible = 0;
			defaultConfigurationName = Release;
		};
		DB8C2E972E0092CF0076A640 /* Build configuration list for PBXNativeTarget "AbletonPushUITests" */ = {
			isa = XCConfigurationList;
			buildConfigurations = (
				DB8C2E982E0092CF0076A640 /* Debug */,
				DB8C2E992E0092CF0076A640 /* Release */,
			);
			defaultConfigurationIsVisible = 0;
			defaultConfigurationName = Release;
		};
/* End XCConfigurationList section */
	};
	rootObject = DB8C2E682E0092CE0076A640 /* Project object */;
}
